
Microsoft Visual Studio Solution File, Format Version 12.00
# Visual Studio 15
VisualStudioVersion = 15.0.27703.2047
MinimumVisualStudioVersion = 10.0.40219.1
Project("{FAE04EC0-301F-11D3-BF4B-00C04F79EFBC}") = "EM.Management.Core", "EM.Management.Core\EM.Management.Core.csproj", "{3ED7832B-0249-4C62-9403-65E67084439F}"
EndProject
Project("{FAE04EC0-301F-11D3-BF4B-00C04F79EFBC}") = "EM.Management.Data.Redis", "EM.Management.Data.Redis\EM.Management.Data.Redis.csproj", "{991A93E5-423B-4264-99A9-BF3BB11E5DAA}"
EndProject
Project("{FAE04EC0-301F-11D3-BF4B-00C04F79EFBC}") = "EM.Management.Web.Api", "EM.Management.Web.Api\EM.Management.Web.Api.csproj", "{4025CAA0-5324-4E76-AA56-D842D318EA67}"
EndProject
Project("{FAE04EC0-301F-11D3-BF4B-00C04F79EFBC}") = "EM.Management.Data.MySQL", "EM.Management.Data.MySQL\EM.Management.Data.MySQL.csproj", "{C9D1A33F-11ED-41E8-9DCF-AEF461BDB079}"
EndProject
Project("{FAE04EC0-301F-11D3-BF4B-00C04F79EFBC}") = "EM.Management.Service", "EM.Management.Service\EM.Management.Service.csproj", "{264F5EED-846A-480E-ABC1-36FA8D2295E8}"
EndProject
Project("{FAE04EC0-301F-11D3-BF4B-00C04F79EFBC}") = "CommonUtils", "CommonUtils\CommonUtils.csproj", "{4DF7398D-DA74-4BB2-9841-716B42318080}"
EndProject
Project("{FAE04EC0-301F-11D3-BF4B-00C04F79EFBC}") = "EM.Management.Client", "EM.Management.Client\EM.Management.Client.csproj", "{70BDF8FE-8098-40DF-BC6B-4E6B4CECBB5B}"
EndProject
Global
	GlobalSection(SolutionConfigurationPlatforms) = preSolution
		Debug|Any CPU = Debug|Any CPU
		Release|Any CPU = Release|Any CPU
	EndGlobalSection
	GlobalSection(ProjectConfigurationPlatforms) = postSolution
		{3ED7832B-0249-4C62-9403-65E67084439F}.Debug|Any CPU.ActiveCfg = Debug|Any CPU
		{3ED7832B-0249-4C62-9403-65E67084439F}.Debug|Any CPU.Build.0 = Debug|Any CPU
		{3ED7832B-0249-4C62-9403-65E67084439F}.Release|Any CPU.ActiveCfg = Release|Any CPU
		{3ED7832B-0249-4C62-9403-65E67084439F}.Release|Any CPU.Build.0 = Release|Any CPU
		{991A93E5-423B-4264-99A9-BF3BB11E5DAA}.Debug|Any CPU.ActiveCfg = Debug|Any CPU
		{991A93E5-423B-4264-99A9-BF3BB11E5DAA}.Debug|Any CPU.Build.0 = Debug|Any CPU
		{991A93E5-423B-4264-99A9-BF3BB11E5DAA}.Release|Any CPU.ActiveCfg = Release|Any CPU
		{991A93E5-423B-4264-99A9-BF3BB11E5DAA}.Release|Any CPU.Build.0 = Release|Any CPU
		{4025CAA0-5324-4E76-AA56-D842D318EA67}.Debug|Any CPU.ActiveCfg = Debug|Any CPU
		{4025CAA0-5324-4E76-AA56-D842D318EA67}.Debug|Any CPU.Build.0 = Debug|Any CPU
		{4025CAA0-5324-4E76-AA56-D842D318EA67}.Release|Any CPU.ActiveCfg = Release|Any CPU
		{4025CAA0-5324-4E76-AA56-D842D318EA67}.Release|Any CPU.Build.0 = Release|Any CPU
		{C9D1A33F-11ED-41E8-9DCF-AEF461BDB079}.Debug|Any CPU.ActiveCfg = Debug|Any CPU
		{C9D1A33F-11ED-41E8-9DCF-AEF461BDB079}.Debug|Any CPU.Build.0 = Debug|Any CPU
		{C9D1A33F-11ED-41E8-9DCF-AEF461BDB079}.Release|Any CPU.ActiveCfg = Release|Any CPU
		{C9D1A33F-11ED-41E8-9DCF-AEF461BDB079}.Release|Any CPU.Build.0 = Release|Any CPU
		{264F5EED-846A-480E-ABC1-36FA8D2295E8}.Debug|Any CPU.ActiveCfg = Debug|Any CPU
		{264F5EED-846A-480E-ABC1-36FA8D2295E8}.Debug|Any CPU.Build.0 = Debug|Any CPU
		{264F5EED-846A-480E-ABC1-36FA8D2295E8}.Release|Any CPU.ActiveCfg = Release|Any CPU
		{264F5EED-846A-480E-ABC1-36FA8D2295E8}.Release|Any CPU.Build.0 = Release|Any CPU
		{4DF7398D-DA74-4BB2-9841-716B42318080}.Debug|Any CPU.ActiveCfg = Debug|Any CPU
		{4DF7398D-DA74-4BB2-9841-716B42318080}.Debug|Any CPU.Build.0 = Debug|Any CPU
		{4DF7398D-DA74-4BB2-9841-716B42318080}.Release|Any CPU.ActiveCfg = Release|Any CPU
		{4DF7398D-DA74-4BB2-9841-716B42318080}.Release|Any CPU.Build.0 = Release|Any CPU
		{70BDF8FE-8098-40DF-BC6B-4E6B4CECBB5B}.Debug|Any CPU.ActiveCfg = Debug|Any CPU
		{70BDF8FE-8098-40DF-BC6B-4E6B4CECBB5B}.Debug|Any CPU.Build.0 = Debug|Any CPU
		{70BDF8FE-8098-40DF-BC6B-4E6B4CECBB5B}.Release|Any CPU.ActiveCfg = Release|Any CPU
		{70BDF8FE-8098-40DF-BC6B-4E6B4CECBB5B}.Release|Any CPU.Build.0 = Release|Any CPU
	EndGlobalSection
	GlobalSection(SolutionProperties) = preSolution
		HideSolutionNode = FALSE
	EndGlobalSection
	GlobalSection(ExtensibilityGlobals) = postSolution
		SolutionGuid = {0AAE0116-B27E-41F7-AD0D-DE28D6A66729}
	EndGlobalSection
EndGlobal
